// !$*UTF8*$!
{
	archiveVersion = 1;
	classes = {
	};
	objectVersion = 46;
	objects = {

/* Begin PBXBuildFile section */
		ED21E30F199AC1410092B1DB /* DetailViewController.swift in Sources */ = {isa = PBXBuildFile; fileRef = ED21E30E199AC1410092B1DB /* DetailViewController.swift */; };
		ED5607061993DB2A00B58D6B /* studentRoster.plist in Resources */ = {isa = PBXBuildFile; fileRef = ED5607051993DB2A00B58D6B /* studentRoster.plist */; };
		ED5AB46E1991224100D05880 /* AppDelegate.swift in Sources */ = {isa = PBXBuildFile; fileRef = ED5AB46D1991224100D05880 /* AppDelegate.swift */; };
		ED5AB4711991224100D05880 /* C19_a2_Class_Roster_P1.xcdatamodeld in Sources */ = {isa = PBXBuildFile; fileRef = ED5AB46F1991224100D05880 /* C19_a2_Class_Roster_P1.xcdatamodeld */; };
		ED5AB4731991224100D05880 /* ViewController.swift in Sources */ = {isa = PBXBuildFile; fileRef = ED5AB4721991224100D05880 /* ViewController.swift */; };
		ED5AB4761991224100D05880 /* Main.storyboard in Resources */ = {isa = PBXBuildFile; fileRef = ED5AB4741991224100D05880 /* Main.storyboard */; };
		ED5AB4781991224100D05880 /* Images.xcassets in Resources */ = {isa = PBXBuildFile; fileRef = ED5AB4771991224100D05880 /* Images.xcassets */; };
		ED5AB4841991224100D05880 /* C19_a2_Class_Roster_P1Tests.swift in Sources */ = {isa = PBXBuildFile; fileRef = ED5AB4831991224100D05880 /* C19_a2_Class_Roster_P1Tests.swift */; };
		ED5AB48E1991226700D05880 /* Person.swift in Sources */ = {isa = PBXBuildFile; fileRef = ED5AB48D1991226700D05880 /* Person.swift */; };
		ED7F82CE1991980D00E6F125 /* roster.json in Resources */ = {isa = PBXBuildFile; fileRef = ED7F82CD1991980D00E6F125 /* roster.json */; };
		ED8B43CC19A7993600B93ECE /* CoreDBModelPerson.swift in Sources */ = {isa = PBXBuildFile; fileRef = ED8B43CB19A7993600B93ECE /* CoreDBModelPerson.swift */; };
		EDA92572199D03D4009EBA9B /* teacherRoster.plist in Resources */ = {isa = PBXBuildFile; fileRef = EDA92571199D03D4009EBA9B /* teacherRoster.plist */; };
		EDA92574199D60C5009EBA9B /* AddPersonViewController.swift in Sources */ = {isa = PBXBuildFile; fileRef = EDA92573199D60C5009EBA9B /* AddPersonViewController.swift */; };
/* End PBXBuildFile section */

/* Begin PBXContainerItemProxy section */
		ED5AB47E1991224100D05880 /* PBXContainerItemProxy */ = {
			isa = PBXContainerItemProxy;
			containerPortal = ED5AB4601991224000D05880 /* Project object */;
			proxyType = 1;
			remoteGlobalIDString = ED5AB4671991224000D05880;
			remoteInfo = C19_a2_Class_Roster_P1;
		};
/* End PBXContainerItemProxy section */

/* Begin PBXFileReference section */
		ED21E30E199AC1410092B1DB /* DetailViewController.swift */ = {isa = PBXFileReference; fileEncoding = 4; lastKnownFileType = sourcecode.swift; path = DetailViewController.swift; sourceTree = "<group>"; };
		ED5607051993DB2A00B58D6B /* studentRoster.plist */ = {isa = PBXFileReference; fileEncoding = 4; lastKnownFileType = text.plist.xml; path = studentRoster.plist; sourceTree = "<group>"; };
		ED5AB4681991224000D05880 /* C19_a2_Class_Roster_P1.app */ = {isa = PBXFileReference; explicitFileType = wrapper.application; includeInIndex = 0; path = C19_a2_Class_Roster_P1.app; sourceTree = BUILT_PRODUCTS_DIR; };
		ED5AB46C1991224100D05880 /* Info.plist */ = {isa = PBXFileReference; lastKnownFileType = text.plist.xml; path = Info.plist; sourceTree = "<group>"; };
		ED5AB46D1991224100D05880 /* AppDelegate.swift */ = {isa = PBXFileReference; lastKnownFileType = sourcecode.swift; path = AppDelegate.swift; sourceTree = "<group>"; };
		ED5AB4701991224100D05880 /* C19_a2_Class_Roster_P1.xcdatamodel */ = {isa = PBXFileReference; lastKnownFileType = wrapper.xcdatamodel; path = C19_a2_Class_Roster_P1.xcdatamodel; sourceTree = "<group>"; };
		ED5AB4721991224100D05880 /* ViewController.swift */ = {isa = PBXFileReference; lastKnownFileType = sourcecode.swift; path = ViewController.swift; sourceTree = "<group>"; };
		ED5AB4751991224100D05880 /* Base */ = {isa = PBXFileReference; lastKnownFileType = file.storyboard; name = Base; path = Base.lproj/Main.storyboard; sourceTree = "<group>"; };
		ED5AB4771991224100D05880 /* Images.xcassets */ = {isa = PBXFileReference; lastKnownFileType = folder.assetcatalog; path = Images.xcassets; sourceTree = "<group>"; };
		ED5AB47D1991224100D05880 /* C19_a2_Class_Roster_P1Tests.xctest */ = {isa = PBXFileReference; explicitFileType = wrapper.cfbundle; includeInIndex = 0; path = C19_a2_Class_Roster_P1Tests.xctest; sourceTree = BUILT_PRODUCTS_DIR; };
		ED5AB4821991224100D05880 /* Info.plist */ = {isa = PBXFileReference; lastKnownFileType = text.plist.xml; path = Info.plist; sourceTree = "<group>"; };
		ED5AB4831991224100D05880 /* C19_a2_Class_Roster_P1Tests.swift */ = {isa = PBXFileReference; lastKnownFileType = sourcecode.swift; path = C19_a2_Class_Roster_P1Tests.swift; sourceTree = "<group>"; };
		ED5AB48D1991226700D05880 /* Person.swift */ = {isa = PBXFileReference; fileEncoding = 4; lastKnownFileType = sourcecode.swift; name = Person.swift; path = ../Person.swift; sourceTree = "<group>"; };
		ED7F82CD1991980D00E6F125 /* roster.json */ = {isa = PBXFileReference; fileEncoding = 4; lastKnownFileType = text.json; path = roster.json; sourceTree = SOURCE_ROOT; };
		ED8B43CB19A7993600B93ECE /* CoreDBModelPerson.swift */ = {isa = PBXFileReference; fileEncoding = 4; lastKnownFileType = sourcecode.swift; path = CoreDBModelPerson.swift; sourceTree = "<group>"; };
		EDA92571199D03D4009EBA9B /* teacherRoster.plist */ = {isa = PBXFileReference; fileEncoding = 4; lastKnownFileType = text.plist.xml; path = teacherRoster.plist; sourceTree = "<group>"; };
		EDA92573199D60C5009EBA9B /* AddPersonViewController.swift */ = {isa = PBXFileReference; fileEncoding = 4; lastKnownFileType = sourcecode.swift; path = AddPersonViewController.swift; sourceTree = "<group>"; };
/* End PBXFileReference section */

/* Begin PBXFrameworksBuildPhase section */
		ED5AB4651991224000D05880 /* Frameworks */ = {
			isa = PBXFrameworksBuildPhase;
			buildActionMask = 2147483647;
			files = (
			);
			runOnlyForDeploymentPostprocessing = 0;
		};
		ED5AB47A1991224100D05880 /* Frameworks */ = {
			isa = PBXFrameworksBuildPhase;
			buildActionMask = 2147483647;
			files = (
			);
			runOnlyForDeploymentPostprocessing = 0;
		};
/* End PBXFrameworksBuildPhase section */

/* Begin PBXGroup section */
		ED5AB45F1991224000D05880 = {
			isa = PBXGroup;
			children = (
				ED5AB46A1991224000D05880 /* C19_a2_Class_Roster_P1 */,
				ED5AB4801991224100D05880 /* C19_a2_Class_Roster_P1Tests */,
				ED5AB4691991224000D05880 /* Products */,
			);
			sourceTree = "<group>";
		};
		ED5AB4691991224000D05880 /* Products */ = {
			isa = PBXGroup;
			children = (
				ED5AB4681991224000D05880 /* C19_a2_Class_Roster_P1.app */,
				ED5AB47D1991224100D05880 /* C19_a2_Class_Roster_P1Tests.xctest */,
			);
			name = Products;
			sourceTree = "<group>";
		};
		ED5AB46A1991224000D05880 /* C19_a2_Class_Roster_P1 */ = {
			isa = PBXGroup;
			children = (
				ED5AB46D1991224100D05880 /* AppDelegate.swift */,
				ED5AB4721991224100D05880 /* ViewController.swift */,
				ED21E30E199AC1410092B1DB /* DetailViewController.swift */,
				EDA92573199D60C5009EBA9B /* AddPersonViewController.swift */,
				ED5AB48D1991226700D05880 /* Person.swift */,
				ED8B43CB19A7993600B93ECE /* CoreDBModelPerson.swift */,
				ED5AB4741991224100D05880 /* Main.storyboard */,
				ED5AB4771991224100D05880 /* Images.xcassets */,
				ED5AB46F1991224100D05880 /* C19_a2_Class_Roster_P1.xcdatamodeld */,
				ED7F82CD1991980D00E6F125 /* roster.json */,
				EDA92571199D03D4009EBA9B /* teacherRoster.plist */,
				ED5607051993DB2A00B58D6B /* studentRoster.plist */,
				ED5AB46B1991224100D05880 /* Supporting Files */,
			);
			path = C19_a2_Class_Roster_P1;
			sourceTree = "<group>";
		};
		ED5AB46B1991224100D05880 /* Supporting Files */ = {
			isa = PBXGroup;
			children = (
				ED5AB46C1991224100D05880 /* Info.plist */,
			);
			name = "Supporting Files";
			sourceTree = "<group>";
		};
		ED5AB4801991224100D05880 /* C19_a2_Class_Roster_P1Tests */ = {
			isa = PBXGroup;
			children = (
				ED5AB4831991224100D05880 /* C19_a2_Class_Roster_P1Tests.swift */,
				ED5AB4811991224100D05880 /* Supporting Files */,
			);
			path = C19_a2_Class_Roster_P1Tests;
			sourceTree = "<group>";
		};
		ED5AB4811991224100D05880 /* Supporting Files */ = {
			isa = PBXGroup;
			children = (
				ED5AB4821991224100D05880 /* Info.plist */,
			);
			name = "Supporting Files";
			sourceTree = "<group>";
		};
/* End PBXGroup section */

/* Begin PBXNativeTarget section */
		ED5AB4671991224000D05880 /* C19_a2_Class_Roster_P1 */ = {
			isa = PBXNativeTarget;
			buildConfigurationList = ED5AB4871991224100D05880 /* Build configuration list for PBXNativeTarget "C19_a2_Class_Roster_P1" */;
			buildPhases = (
				ED5AB4641991224000D05880 /* Sources */,
				ED5AB4651991224000D05880 /* Frameworks */,
				ED5AB4661991224000D05880 /* Resources */,
			);
			buildRules = (
			);
			dependencies = (
			);
			name = C19_a2_Class_Roster_P1;
			productName = C19_a2_Class_Roster_P1;
			productReference = ED5AB4681991224000D05880 /* C19_a2_Class_Roster_P1.app */;
			productType = "com.apple.product-type.application";
		};
		ED5AB47C1991224100D05880 /* C19_a2_Class_Roster_P1Tests */ = {
			isa = PBXNativeTarget;
			buildConfigurationList = ED5AB48A1991224100D05880 /* Build configuration list for PBXNativeTarget "C19_a2_Class_Roster_P1Tests" */;
			buildPhases = (
				ED5AB4791991224100D05880 /* Sources */,
				ED5AB47A1991224100D05880 /* Frameworks */,
				ED5AB47B1991224100D05880 /* Resources */,
			);
			buildRules = (
			);
			dependencies = (
				ED5AB47F1991224100D05880 /* PBXTargetDependency */,
			);
			name = C19_a2_Class_Roster_P1Tests;
			productName = C19_a2_Class_Roster_P1Tests;
			productReference = ED5AB47D1991224100D05880 /* C19_a2_Class_Roster_P1Tests.xctest */;
			productType = "com.apple.product-type.bundle.unit-test";
		};
/* End PBXNativeTarget section */

/* Begin PBXProject section */
		ED5AB4601991224000D05880 /* Project object */ = {
			isa = PBXProject;
			attributes = {
				LastUpgradeCheck = 0600;
				ORGANIZATIONNAME = "David Fry";
				TargetAttributes = {
					ED5AB4671991224000D05880 = {
						CreatedOnToolsVersion = 6.0;
					};
					ED5AB47C1991224100D05880 = {
						CreatedOnToolsVersion = 6.0;
						TestTargetID = ED5AB4671991224000D05880;
					};
				};
			};
			buildConfigurationList = ED5AB4631991224000D05880 /* Build configuration list for PBXProject "C19_a2_Class_Roster_P1" */;
			compatibilityVersion = "Xcode 3.2";
			developmentRegion = English;
			hasScannedForEncodings = 0;
			knownRegions = (
				en,
				Base,
			);
			mainGroup = ED5AB45F1991224000D05880;
			productRefGroup = ED5AB4691991224000D05880 /* Products */;
			projectDirPath = "";
			projectRoot = "";
			targets = (
				ED5AB4671991224000D05880 /* C19_a2_Class_Roster_P1 */,
				ED5AB47C1991224100D05880 /* C19_a2_Class_Roster_P1Tests */,
			);
		};
/* End PBXProject section */

/* Begin PBXResourcesBuildPhase section */
		ED5AB4661991224000D05880 /* Resources */ = {
			isa = PBXResourcesBuildPhase;
			buildActionMask = 2147483647;
			files = (
				ED7F82CE1991980D00E6F125 /* roster.json in Resources */,
				ED5AB4761991224100D05880 /* Main.storyboard in Resources */,
				ED5AB4781991224100D05880 /* Images.xcassets in Resources */,
				ED5607061993DB2A00B58D6B /* studentRoster.plist in Resources */,
				EDA92572199D03D4009EBA9B /* teacherRoster.plist in Resources */,
			);
			runOnlyForDeploymentPostprocessing = 0;
		};
		ED5AB47B1991224100D05880 /* Resources */ = {
			isa = PBXResourcesBuildPhase;
			buildActionMask = 2147483647;
			files = (
			);
			runOnlyForDeploymentPostprocessing = 0;
		};
/* End PBXResourcesBuildPhase section */

/* Begin PBXSourcesBuildPhase section */
		ED5AB4641991224000D05880 /* Sources */ = {
			isa = PBXSourcesBuildPhase;
			buildActionMask = 2147483647;
			files = (
				ED5AB4731991224100D05880 /* ViewController.swift in Sources */,
				ED5AB46E1991224100D05880 /* AppDelegate.swift in Sources */,
				ED21E30F199AC1410092B1DB /* DetailViewController.swift in Sources */,
				ED5AB48E1991226700D05880 /* Person.swift in Sources */,
				ED8B43CC19A7993600B93ECE /* CoreDBModelPerson.swift in Sources */,
				ED5AB4711991224100D05880 /* C19_a2_Class_Roster_P1.xcdatamodeld in Sources */,
				EDA92574199D60C5009EBA9B /* AddPersonViewController.swift in Sources */,
			);
			runOnlyForDeploymentPostprocessing = 0;
		};
		ED5AB4791991224100D05880 /* Sources */ = {
			isa = PBXSourcesBuildPhase;
			buildActionMask = 2147483647;
			files = (
				ED5AB4841991224100D05880 /* C19_a2_Class_Roster_P1Tests.swift in Sources */,
			);
			runOnlyForDeploymentPostprocessing = 0;
		};
/* End PBXSourcesBuildPhase section */

/* Begin PBXTargetDependency section */
		ED5AB47F1991224100D05880 /* PBXTargetDependency */ = {
			isa = PBXTargetDependency;
			target = ED5AB4671991224000D05880 /* C19_a2_Class_Roster_P1 */;
			targetProxy = ED5AB47E1991224100D05880 /* PBXContainerItemProxy */;
		};
/* End PBXTargetDependency section */

/* Begin PBXVariantGroup section */
		ED5AB4741991224100D05880 /* Main.storyboard */ = {
			isa = PBXVariantGroup;
			children = (
				ED5AB4751991224100D05880 /* Base */,
			);
			name = Main.storyboard;
			sourceTree = "<group>";
		};
/* End PBXVariantGroup section */

/* Begin XCBuildConfiguration section */
		ED5AB4851991224100D05880 /* Debug */ = {
			isa = XCBuildConfiguration;
			buildSettings = {
				ALWAYS_SEARCH_USER_PATHS = NO;
				CLANG_CXX_LANGUAGE_STANDARD = "gnu++0x";
				CLANG_CXX_LIBRARY = "libc++";
				CLANG_ENABLE_MODULES = YES;
				CLANG_ENABLE_OBJC_ARC = YES;
				CLANG_WARN_BOOL_CONVERSION = YES;
				CLANG_WARN_CONSTANT_CONVERSION = YES;
				CLANG_WARN_DIRECT_OBJC_ISA_USAGE = YES_ERROR;
				CLANG_WARN_EMPTY_BODY = YES;
				CLANG_WARN_ENUM_CONVERSION = YES;
				CLANG_WARN_INT_CONVERSION = YES;
				CLANG_WARN_OBJC_ROOT_CLASS = YES_ERROR;
				CLANG_WARN_UNREACHABLE_CODE = YES;
				CLANG_WARN__DUPLICATE_METHOD_MATCH = YES;
				"CODE_SIGN_IDENTITY[sdk=iphoneos*]" = "iPhone Developer";
				COPY_PHASE_STRIP = NO;
				ENABLE_STRICT_OBJC_MSGSEND = YES;
				GCC_C_LANGUAGE_STANDARD = gnu99;
				GCC_DYNAMIC_NO_PIC = NO;
				GCC_OPTIMIZATION_LEVEL = 0;
				GCC_PREPROCESSOR_DEFINITIONS = (
					"DEBUG=1",
					"$(inherited)",
				);
				GCC_SYMBOLS_PRIVATE_EXTERN = NO;
				GCC_WARN_64_TO_32_BIT_CONVERSION = YES;
				GCC_WARN_ABOUT_RETURN_TYPE = YES_ERROR;
				GCC_WARN_UNDECLARED_SELECTOR = YES;
				GCC_WARN_UNINITIALIZED_AUTOS = YES_AGGRESSIVE;
				GCC_WARN_UNUSED_FUNCTION = YES;
				GCC_WARN_UNUSED_VARIABLE = YES;
				IPHONEOS_DEPLOYMENT_TARGET = 8.0;
				MTL_ENABLE_DEBUG_INFO = YES;
				ONLY_ACTIVE_ARCH = YES;
				SDKROOT = iphoneos;
				SWIFT_OPTIMIZATION_LEVEL = "-Onone";
			};
			name = Debug;
		};
		ED5AB4861991224100D05880 /* Release */ = {
			isa = XCBuildConfiguration;
			buildSettings = {
				ALWAYS_SEARCH_USER_PATHS = NO;
				CLANG_CXX_LANGUAGE_STANDARD = "gnu++0x";
				CLANG_CXX_LIBRARY = "libc++";
				CLANG_ENABLE_MODULES = YES;
				CLANG_ENABLE_OBJC_ARC = YES;
				CLANG_WARN_BOOL_CONVERSION = YES;
				CLANG_WARN_CONSTANT_CONVERSION = YES;
				CLANG_WARN_DIRECT_OBJC_ISA_USAGE = YES_ERROR;
				CLANG_WARN_EMPTY_BODY = YES;
				CLANG_WARN_ENUM_CONVERSION = YES;
				CLANG_WARN_INT_CONVERSION = YES;
				CLANG_WARN_OBJC_ROOT_CLASS = YES_ERROR;
				CLANG_WARN_UNREACHABLE_CODE = YES;
				CLANG_WARN__DUPLICATE_METHOD_MATCH = YES;
				"CODE_SIGN_IDENTITY[sdk=iphoneos*]" = "iPhone Developer";
				COPY_PHASE_STRIP = YES;
				ENABLE_NS_ASSERTIONS = NO;
				ENABLE_STRICT_OBJC_MSGSEND = YES;
				GCC_C_LANGUAGE_STANDARD = gnu99;
				GCC_WARN_64_TO_32_BIT_CONVERSION = YES;
				GCC_WARN_ABOUT_RETURN_TYPE = YES_ERROR;
				GCC_WARN_UNDECLARED_SELECTOR = YES;
				GCC_WARN_UNINITIALIZED_AUTOS = YES_AGGRESSIVE;
				GCC_WARN_UNUSED_FUNCTION = YES;
				GCC_WARN_UNUSED_VARIABLE = YES;
				IPHONEOS_DEPLOYMENT_TARGET = 8.0;
				MTL_ENABLE_DEBUG_INFO = NO;
				SDKROOT = iphoneos;
				VALIDATE_PRODUCT = YES;
			};
			name = Release;
		};
		ED5AB4881991224100D05880 /* Debug */ = {
			isa = XCBuildConfiguration;
			buildSettings = {
				ASSETCATALOG_COMPILER_APPICON_NAME = AppIcon;
				ASSETCATALOG_COMPILER_LAUNCHIMAGE_NAME = LaunchImage;
				INFOPLIST_FILE = C19_a2_Class_Roster_P1/Info.plist;
				LD_RUNPATH_SEARCH_PATHS = "$(inherited) @executable_path/Frameworks";
				PRODUCT_NAME = "$(TARGET_NAME)";
				TARGETED_DEVICE_FAMILY = "1,2";
			};
			name = Debug;
		};
		ED5AB4891991224100D05880 /* Release */ = {
			isa = XCBuildConfiguration;
			buildSettings = {
				ASSETCATALOG_COMPILER_APPICON_NAME = AppIcon;
				ASSETCATALOG_COMPILER_LAUNCHIMAGE_NAME = LaunchImage;
				INFOPLIST_FILE = C19_a2_Class_Roster_P1/Info.plist;
				LD_RUNPATH_SEARCH_PATHS = "$(inherited) @executable_path/Frameworks";
				PRODUCT_NAME = "$(TARGET_NAME)";
				TARGETED_DEVICE_FAMILY = "1,2";
			};
			name = Release;
		};
		ED5AB48B1991224100D05880 /* Debug */ = {
			isa = XCBuildConfiguration;
			buildSettings = {
				BUNDLE_LOADER = "$(TEST_HOST)";
				FRAMEWORK_SEARCH_PATHS = (
					"$(SDKROOT)/Developer/Library/Frameworks",
					"$(inherited)",
				);
				GCC_PREPROCESSOR_DEFINITIONS = (
					"DEBUG=1",
					"$(inherited)",
				);
				INFOPLIST_FILE = C19_a2_Class_Roster_P1Tests/Info.plist;
				LD_RUNPATH_SEARCH_PATHS = "$(inherited) @executable_path/Frameworks @loader_path/Frameworks";
				PRODUCT_NAME = "$(TARGET_NAME)";
				TEST_HOST = "$(BUILT_PRODUCTS_DIR)/C19_a2_Class_Roster_P1.app/C19_a2_Class_Roster_P1";
			};
			name = Debug;
		};
		ED5AB48C1991224100D05880 /* Release */ = {
			isa = XCBuildConfiguration;
			buildSettings = {
				BUNDLE_LOADER = "$(TEST_HOST)";
				FRAMEWORK_SEARCH_PATHS = (
					"$(SDKROOT)/Developer/Library/Frameworks",
					"$(inherited)",
				);
				INFOPLIST_FILE = C19_a2_Class_Roster_P1Tests/Info.plist;
				LD_RUNPATH_SEARCH_PATHS = "$(inherited) @executable_path/Frameworks @loader_path/Frameworks";
				PRODUCT_NAME = "$(TARGET_NAME)";
				TEST_HOST = "$(BUILT_PRODUCTS_DIR)/C19_a2_Class_Roster_P1.app/C19_a2_Class_Roster_P1";
			};
			name = Release;
		};
/* End XCBuildConfiguration section */

/* Begin XCConfigurationList section */
		ED5AB4631991224000D05880 /* Build configuration list for PBXProject "C19_a2_Class_Roster_P1" */ = {
			isa = XCConfigurationList;
			buildConfigurations = (
				ED5AB4851991224100D05880 /* Debug */,
				ED5AB4861991224100D05880 /* Release */,
			);
			defaultConfigurationIsVisible = 0;
			defaultConfigurationName = Release;
		};
		ED5AB4871991224100D05880 /* Build configuration list for PBXNativeTarget "C19_a2_Class_Roster_P1" */ = {
			isa = XCConfigurationList;
			buildConfigurations = (
				ED5AB4881991224100D05880 /* Debug */,
				ED5AB4891991224100D05880 /* Release */,
			);
			defaultConfigurationIsVisible = 0;
			defaultConfigurationName = Release;
		};
		ED5AB48A1991224100D05880 /* Build configuration list for PBXNativeTarget "C19_a2_Class_Roster_P1Tests" */ = {
			isa = XCConfigurationList;
			buildConfigurations = (
				ED5AB48B1991224100D05880 /* Debug */,
				ED5AB48C1991224100D05880 /* Release */,
			);
			defaultConfigurationIsVisible = 0;
			defaultConfigurationName = Release;
		};
/* End XCConfigurationList section */

/* Begin XCVersionGroup section */
		ED5AB46F1991224100D05880 /* C19_a2_Class_Roster_P1.xcdatamodeld */ = {
			isa = XCVersionGroup;
			children = (
				ED5AB4701991224100D05880 /* C19_a2_Class_Roster_P1.xcdatamodel */,
			);
			currentVersion = ED5AB4701991224100D05880 /* C19_a2_Class_Roster_P1.xcdatamodel */;
			path = C19_a2_Class_Roster_P1.xcdatamodeld;
			sourceTree = "<group>";
			versionGroupType = wrapper.xcdatamodel;
		};
/* End XCVersionGroup section */
	};
	rootObject = ED5AB4601991224000D05880 /* Project object */;
}
